
Microsoft Visual Studio Solution File, Format Version 12.00
# Visual Studio 15
VisualStudioVersion = 15.0.28010.2048
MinimumVisualStudioVersion = 10.0.40219.1
Project("{8BC9CEB8-8B4A-11D0-8D11-00A0C91BC942}") = "Проект 1", "(1)Figures\OnceAgain\OnceAgain.vcxproj", "{E739D108-7E32-49B5-83A9-AE2E250910AA}"
EndProject
Project("{8BC9CEB8-8B4A-11D0-8D11-00A0C91BC942}") = "Проект 2", "(2)Figures again\Figures again\Figures again.vcxproj", "{91D2A5DE-7BD8-4A06-B115-A98E23E7E516}"
EndProject
Project("{8BC9CEB8-8B4A-11D0-8D11-00A0C91BC942}") = "Проект 3", "(3)Тытолькочтогранату\Textured2DWorld\Textured2DWorld.vcxproj", "{94A9F603-B24B-4955-AEA0-41A71BFE2155}"
EndProject
Project("{8BC9CEB8-8B4A-11D0-8D11-00A0C91BC942}") = "Проект 4", "(4)Ranger 2\Ranger 2\Ranger 2.vcxproj", "{89C4A425-188E-4C6A-A764-F5DF7D7D8AA4}"
EndProject
Project("{8BC9CEB8-8B4A-11D0-8D11-00A0C91BC942}") = "Проект 5", "(5)Avenger\Avenger.vcxproj", "{ECCE9017-3076-442B-B76F-5690B1A47AD9}"
EndProject
Project("{8BC9CEB8-8B4A-11D0-8D11-00A0C91BC942}") = "Проект 6", "(6)Game.All\Game\Game.vcxproj", "{B461F1D1-881A-4387-9FA9-1DC238963E77}"
EndProject
Project("{8BC9CEB8-8B4A-11D0-8D11-00A0C91BC942}") = "CameraLib", "CameraLib\CameraLib.vcxproj", "{E88C3911-6100-48C9-B4DF-802CBEF003BB}"
EndProject
Project("{8BC9CEB8-8B4A-11D0-8D11-00A0C91BC942}") = "ShaderLib", "ShaderLib\ShaderLib.vcxproj", "{B1B1F4BC-8F18-4550-8169-7FF895812D09}"
EndProject
Project("{8BC9CEB8-8B4A-11D0-8D11-00A0C91BC942}") = "TextureLib", "TextureLib\TextureLib.vcxproj", "{4751C337-B2AB-45E3-BA79-4222F7B53CA6}"
EndProject
Project("{8BC9CEB8-8B4A-11D0-8D11-00A0C91BC942}") = "EnvLib", "EnvLib\EnvLib.vcxproj", "{B25F77F8-803A-46AC-9FA2-F2253518D768}"
EndProject
Project("{8BC9CEB8-8B4A-11D0-8D11-00A0C91BC942}") = "GladLib", "GladLib\GladLib.vcxproj", "{B31DA22A-8188-4AA9-9142-B29957309D40}"
EndProject
Project("{2150E333-8FDC-42A3-9474-1A3956D46DE8}") = "libs", "libs", "{0D103E66-0C08-474C-BB65-C16D2BB5ACD8}"
EndProject
Global
	GlobalSection(SolutionConfigurationPlatforms) = preSolution
		Debug|x64 = Debug|x64
		Debug|x86 = Debug|x86
		Release|x64 = Release|x64
		Release|x86 = Release|x86
	EndGlobalSection
	GlobalSection(ProjectConfigurationPlatforms) = postSolution
		{E739D108-7E32-49B5-83A9-AE2E250910AA}.Debug|x64.ActiveCfg = Debug|x64
		{E739D108-7E32-49B5-83A9-AE2E250910AA}.Debug|x64.Build.0 = Debug|x64
		{E739D108-7E32-49B5-83A9-AE2E250910AA}.Debug|x86.ActiveCfg = Debug|Win32
		{E739D108-7E32-49B5-83A9-AE2E250910AA}.Debug|x86.Build.0 = Debug|Win32
		{E739D108-7E32-49B5-83A9-AE2E250910AA}.Release|x64.ActiveCfg = Release|x64
		{E739D108-7E32-49B5-83A9-AE2E250910AA}.Release|x64.Build.0 = Release|x64
		{E739D108-7E32-49B5-83A9-AE2E250910AA}.Release|x86.ActiveCfg = Release|Win32
		{E739D108-7E32-49B5-83A9-AE2E250910AA}.Release|x86.Build.0 = Release|Win32
		{91D2A5DE-7BD8-4A06-B115-A98E23E7E516}.Debug|x64.ActiveCfg = Debug|x64
		{91D2A5DE-7BD8-4A06-B115-A98E23E7E516}.Debug|x64.Build.0 = Debug|x64
		{91D2A5DE-7BD8-4A06-B115-A98E23E7E516}.Debug|x86.ActiveCfg = Debug|Win32
		{91D2A5DE-7BD8-4A06-B115-A98E23E7E516}.Debug|x86.Build.0 = Debug|Win32
		{91D2A5DE-7BD8-4A06-B115-A98E23E7E516}.Release|x64.ActiveCfg = Release|x64
		{91D2A5DE-7BD8-4A06-B115-A98E23E7E516}.Release|x64.Build.0 = Release|x64
		{91D2A5DE-7BD8-4A06-B115-A98E23E7E516}.Release|x86.ActiveCfg = Release|Win32
		{91D2A5DE-7BD8-4A06-B115-A98E23E7E516}.Release|x86.Build.0 = Release|Win32
		{94A9F603-B24B-4955-AEA0-41A71BFE2155}.Debug|x64.ActiveCfg = Debug|x64
		{94A9F603-B24B-4955-AEA0-41A71BFE2155}.Debug|x64.Build.0 = Debug|x64
		{94A9F603-B24B-4955-AEA0-41A71BFE2155}.Debug|x86.ActiveCfg = Debug|Win32
		{94A9F603-B24B-4955-AEA0-41A71BFE2155}.Debug|x86.Build.0 = Debug|Win32
		{94A9F603-B24B-4955-AEA0-41A71BFE2155}.Release|x64.ActiveCfg = Release|x64
		{94A9F603-B24B-4955-AEA0-41A71BFE2155}.Release|x64.Build.0 = Release|x64
		{94A9F603-B24B-4955-AEA0-41A71BFE2155}.Release|x86.ActiveCfg = Release|Win32
		{94A9F603-B24B-4955-AEA0-41A71BFE2155}.Release|x86.Build.0 = Release|Win32
		{89C4A425-188E-4C6A-A764-F5DF7D7D8AA4}.Debug|x64.ActiveCfg = Debug|x64
		{89C4A425-188E-4C6A-A764-F5DF7D7D8AA4}.Debug|x64.Build.0 = Debug|x64
		{89C4A425-188E-4C6A-A764-F5DF7D7D8AA4}.Debug|x86.ActiveCfg = Debug|Win32
		{89C4A425-188E-4C6A-A764-F5DF7D7D8AA4}.Debug|x86.Build.0 = Debug|Win32
		{89C4A425-188E-4C6A-A764-F5DF7D7D8AA4}.Release|x64.ActiveCfg = Release|x64
		{89C4A425-188E-4C6A-A764-F5DF7D7D8AA4}.Release|x64.Build.0 = Release|x64
		{89C4A425-188E-4C6A-A764-F5DF7D7D8AA4}.Release|x86.ActiveCfg = Release|Win32
		{89C4A425-188E-4C6A-A764-F5DF7D7D8AA4}.Release|x86.Build.0 = Release|Win32
		{ECCE9017-3076-442B-B76F-5690B1A47AD9}.Debug|x64.ActiveCfg = Debug|x64
		{ECCE9017-3076-442B-B76F-5690B1A47AD9}.Debug|x64.Build.0 = Debug|x64
		{ECCE9017-3076-442B-B76F-5690B1A47AD9}.Debug|x86.ActiveCfg = Debug|Win32
		{ECCE9017-3076-442B-B76F-5690B1A47AD9}.Debug|x86.Build.0 = Debug|Win32
		{ECCE9017-3076-442B-B76F-5690B1A47AD9}.Release|x64.ActiveCfg = Release|x64
		{ECCE9017-3076-442B-B76F-5690B1A47AD9}.Release|x64.Build.0 = Release|x64
		{ECCE9017-3076-442B-B76F-5690B1A47AD9}.Release|x86.ActiveCfg = Release|Win32
		{ECCE9017-3076-442B-B76F-5690B1A47AD9}.Release|x86.Build.0 = Release|Win32
		{B461F1D1-881A-4387-9FA9-1DC238963E77}.Debug|x64.ActiveCfg = Debug|x64
		{B461F1D1-881A-4387-9FA9-1DC238963E77}.Debug|x64.Build.0 = Debug|x64
		{B461F1D1-881A-4387-9FA9-1DC238963E77}.Debug|x86.ActiveCfg = Debug|Win32
		{B461F1D1-881A-4387-9FA9-1DC238963E77}.Debug|x86.Build.0 = Debug|Win32
		{B461F1D1-881A-4387-9FA9-1DC238963E77}.Release|x64.ActiveCfg = Release|x64
		{B461F1D1-881A-4387-9FA9-1DC238963E77}.Release|x64.Build.0 = Release|x64
		{B461F1D1-881A-4387-9FA9-1DC238963E77}.Release|x86.ActiveCfg = Release|Win32
		{B461F1D1-881A-4387-9FA9-1DC238963E77}.Release|x86.Build.0 = Release|Win32
		{E88C3911-6100-48C9-B4DF-802CBEF003BB}.Debug|x64.ActiveCfg = Debug|x64
		{E88C3911-6100-48C9-B4DF-802CBEF003BB}.Debug|x64.Build.0 = Debug|x64
		{E88C3911-6100-48C9-B4DF-802CBEF003BB}.Debug|x86.ActiveCfg = Debug|Win32
		{E88C3911-6100-48C9-B4DF-802CBEF003BB}.Debug|x86.Build.0 = Debug|Win32
		{E88C3911-6100-48C9-B4DF-802CBEF003BB}.Release|x64.ActiveCfg = Release|x64
		{E88C3911-6100-48C9-B4DF-802CBEF003BB}.Release|x64.Build.0 = Release|x64
		{E88C3911-6100-48C9-B4DF-802CBEF003BB}.Release|x86.ActiveCfg = Release|Win32
		{E88C3911-6100-48C9-B4DF-802CBEF003BB}.Release|x86.Build.0 = Release|Win32
		{B1B1F4BC-8F18-4550-8169-7FF895812D09}.Debug|x64.ActiveCfg = Debug|x64
		{B1B1F4BC-8F18-4550-8169-7FF895812D09}.Debug|x64.Build.0 = Debug|x64
		{B1B1F4BC-8F18-4550-8169-7FF895812D09}.Debug|x86.ActiveCfg = Debug|Win32
		{B1B1F4BC-8F18-4550-8169-7FF895812D09}.Debug|x86.Build.0 = Debug|Win32
		{B1B1F4BC-8F18-4550-8169-7FF895812D09}.Release|x64.ActiveCfg = Release|x64
		{B1B1F4BC-8F18-4550-8169-7FF895812D09}.Release|x64.Build.0 = Release|x64
		{B1B1F4BC-8F18-4550-8169-7FF895812D09}.Release|x86.ActiveCfg = Release|Win32
		{B1B1F4BC-8F18-4550-8169-7FF895812D09}.Release|x86.Build.0 = Release|Win32
		{4751C337-B2AB-45E3-BA79-4222F7B53CA6}.Debug|x64.ActiveCfg = Debug|x64
		{4751C337-B2AB-45E3-BA79-4222F7B53CA6}.Debug|x64.Build.0 = Debug|x64
		{4751C337-B2AB-45E3-BA79-4222F7B53CA6}.Debug|x86.ActiveCfg = Debug|Win32
		{4751C337-B2AB-45E3-BA79-4222F7B53CA6}.Debug|x86.Build.0 = Debug|Win32
		{4751C337-B2AB-45E3-BA79-4222F7B53CA6}.Release|x64.ActiveCfg = Release|x64
		{4751C337-B2AB-45E3-BA79-4222F7B53CA6}.Release|x64.Build.0 = Release|x64
		{4751C337-B2AB-45E3-BA79-4222F7B53CA6}.Release|x86.ActiveCfg = Release|Win32
		{4751C337-B2AB-45E3-BA79-4222F7B53CA6}.Release|x86.Build.0 = Release|Win32
		{B25F77F8-803A-46AC-9FA2-F2253518D768}.Debug|x64.ActiveCfg = Debug|x64
		{B25F77F8-803A-46AC-9FA2-F2253518D768}.Debug|x64.Build.0 = Debug|x64
		{B25F77F8-803A-46AC-9FA2-F2253518D768}.Debug|x86.ActiveCfg = Debug|Win32
		{B25F77F8-803A-46AC-9FA2-F2253518D768}.Debug|x86.Build.0 = Debug|Win32
		{B25F77F8-803A-46AC-9FA2-F2253518D768}.Release|x64.ActiveCfg = Release|x64
		{B25F77F8-803A-46AC-9FA2-F2253518D768}.Release|x64.Build.0 = Release|x64
		{B25F77F8-803A-46AC-9FA2-F2253518D768}.Release|x86.ActiveCfg = Release|Win32
		{B25F77F8-803A-46AC-9FA2-F2253518D768}.Release|x86.Build.0 = Release|Win32
		{B31DA22A-8188-4AA9-9142-B29957309D40}.Debug|x64.ActiveCfg = Debug|x64
		{B31DA22A-8188-4AA9-9142-B29957309D40}.Debug|x64.Build.0 = Debug|x64
		{B31DA22A-8188-4AA9-9142-B29957309D40}.Debug|x86.ActiveCfg = Debug|Win32
		{B31DA22A-8188-4AA9-9142-B29957309D40}.Debug|x86.Build.0 = Debug|Win32
		{B31DA22A-8188-4AA9-9142-B29957309D40}.Release|x64.ActiveCfg = Release|x64
		{B31DA22A-8188-4AA9-9142-B29957309D40}.Release|x64.Build.0 = Release|x64
		{B31DA22A-8188-4AA9-9142-B29957309D40}.Release|x86.ActiveCfg = Release|Win32
		{B31DA22A-8188-4AA9-9142-B29957309D40}.Release|x86.Build.0 = Release|Win32
	EndGlobalSection
	GlobalSection(SolutionProperties) = preSolution
		HideSolutionNode = FALSE
	EndGlobalSection
	GlobalSection(NestedProjects) = preSolution
		{E88C3911-6100-48C9-B4DF-802CBEF003BB} = {0D103E66-0C08-474C-BB65-C16D2BB5ACD8}
		{B1B1F4BC-8F18-4550-8169-7FF895812D09} = {0D103E66-0C08-474C-BB65-C16D2BB5ACD8}
		{4751C337-B2AB-45E3-BA79-4222F7B53CA6} = {0D103E66-0C08-474C-BB65-C16D2BB5ACD8}
		{B25F77F8-803A-46AC-9FA2-F2253518D768} = {0D103E66-0C08-474C-BB65-C16D2BB5ACD8}
		{B31DA22A-8188-4AA9-9142-B29957309D40} = {0D103E66-0C08-474C-BB65-C16D2BB5ACD8}
	EndGlobalSection
	GlobalSection(ExtensibilityGlobals) = postSolution
		SolutionGuid = {8FB90B6E-0245-4CF9-93C1-A30918952EE8}
	EndGlobalSection
EndGlobal
